// !$*UTF8*$!
{
	archiveVersion = 1;
	classes = {
	};
	objectVersion = 77;
	objects = {

/* Begin PBXBuildFile section */
		0F01A01BC24A6145250F51B6 /* ContentView.swift in Sources */ = {isa = PBXBuildFile; fileRef = 8FA2FB42750F084117950A47 /* ContentView.swift */; };
		27C9AA2C900AA917447ED026 /* SettingsScreen.swift in Sources */ = {isa = PBXBuildFile; fileRef = 25FBCD730CF86B59875EB8BD /* SettingsScreen.swift */; };
		556EC06D2F8E07E1003493CB /* LanguageScreen.swift in Sources */ = {isa = PBXBuildFile; fileRef = 556EC06C2F8E07D8003493CB /* LanguageScreen.swift */; };
		556EC06F2F8E0CAD003493CB /* ThemeScreen.swift in Sources */ = {isa = PBXBuildFile; fileRef = 556EC06E2F8E0CA9003493CB /* ThemeScreen.swift */; };
		556EC0712F8E0FF3003493CB /* FontStyleScreen.swift in Sources */ = {isa = PBXBuildFile; fileRef = 556EC0702F8E0FE8003493CB /* FontStyleScreen.swift */; };
		5B880D8744B29A9C5D9A5AF3 /* SettingsItemRow.swift in Sources */ = {isa = PBXBuildFile; fileRef = 8ED67BEA40273D1232AADCF1 /* SettingsItemRow.swift */; };
		6D0A0A16EC7539B0C461AE51 /* sharedKit.xcframework in Frameworks */ = {isa = PBXBuildFile; fileRef = B018420C24F61128D8DA486A /* sharedKit.xcframework */; };
		899E0557AF85326F1E3F07B4 /* SettingsModels.swift in Sources */ = {isa = PBXBuildFile; fileRef = 319AA89ABA936031E323FB36 /* SettingsModels.swift */; };
		8F45349B7AFD411A634FE94D /* AvatarView.swift in Sources */ = {isa = PBXBuildFile; fileRef = 4CE5D18E9739675EB43C4D9B /* AvatarView.swift */; };
		986DE36224F2F5DD62E044F6 /* TaskManagementApp.swift in Sources */ = {isa = PBXBuildFile; fileRef = 8933BE6E5C4C2E742C71B36C /* TaskManagementApp.swift */; };
		AA607DBEBD0A5924B0E54CB3 /* sharedKit.xcframework in Embed Frameworks */ = {isa = PBXBuildFile; fileRef = B018420C24F61128D8DA486A /* sharedKit.xcframework */; settings = {ATTRIBUTES = (CodeSignOnCopy, RemoveHeadersOnCopy, ); }; };
		C6988999B8009555BF7DAC20 /* SettingsState.swift in Sources */ = {isa = PBXBuildFile; fileRef = 087C436CE59FEB9606521C12 /* SettingsState.swift */; };
		EB1505A19DF1FAA766F3AD2C /* SettingsViewModel.swift in Sources */ = {isa = PBXBuildFile; fileRef = D60B2D4E3E0A089628704213 /* SettingsViewModel.swift */; };
/* End PBXBuildFile section */

/* Begin PBXCopyFilesBuildPhase section */
		357769D3B65A05CB573D4547 /* Embed Frameworks */ = {
			isa = PBXCopyFilesBuildPhase;
			buildActionMask = 2147483647;
			dstPath = "";
			dstSubfolderSpec = 10;
			files = (
				AA607DBEBD0A5924B0E54CB3 /* sharedKit.xcframework in Embed Frameworks */,
			);
			name = "Embed Frameworks";
			runOnlyForDeploymentPostprocessing = 0;
		};
/* End PBXCopyFilesBuildPhase section */

/* Begin PBXFileReference section */
		087C436CE59FEB9606521C12 /* SettingsState.swift */ = {isa = PBXFileReference; lastKnownFileType = sourcecode.swift; path = SettingsState.swift; sourceTree = "<group>"; };
		25FBCD730CF86B59875EB8BD /* SettingsScreen.swift */ = {isa = PBXFileReference; lastKnownFileType = sourcecode.swift; path = SettingsScreen.swift; sourceTree = "<group>"; };
		319AA89ABA936031E323FB36 /* SettingsModels.swift */ = {isa = PBXFileReference; lastKnownFileType = sourcecode.swift; path = SettingsModels.swift; sourceTree = "<group>"; };
		3C6364ABA26C0CCEB207DFCD /* TaskManagement.app */ = {isa = PBXFileReference; explicitFileType = wrapper.application; includeInIndex = 0; path = TaskManagement.app; sourceTree = BUILT_PRODUCTS_DIR; };
		4CE5D18E9739675EB43C4D9B /* AvatarView.swift */ = {isa = PBXFileReference; lastKnownFileType = sourcecode.swift; path = AvatarView.swift; sourceTree = "<group>"; };
		556EC06C2F8E07D8003493CB /* LanguageScreen.swift */ = {isa = PBXFileReference; lastKnownFileType = sourcecode.swift; path = LanguageScreen.swift; sourceTree = "<group>"; };
		556EC06E2F8E0CA9003493CB /* ThemeScreen.swift */ = {isa = PBXFileReference; lastKnownFileType = sourcecode.swift; path = ThemeScreen.swift; sourceTree = "<group>"; };
		556EC0702F8E0FE8003493CB /* FontStyleScreen.swift */ = {isa = PBXFileReference; lastKnownFileType = sourcecode.swift; path = FontStyleScreen.swift; sourceTree = "<group>"; };
		8933BE6E5C4C2E742C71B36C /* TaskManagementApp.swift */ = {isa = PBXFileReference; lastKnownFileType = sourcecode.swift; path = TaskManagementApp.swift; sourceTree = "<group>"; };
		8ED67BEA40273D1232AADCF1 /* SettingsItemRow.swift */ = {isa = PBXFileReference; lastKnownFileType = sourcecode.swift; path = SettingsItemRow.swift; sourceTree = "<group>"; };
		8FA2FB42750F084117950A47 /* ContentView.swift */ = {isa = PBXFileReference; lastKnownFileType = sourcecode.swift; path = ContentView.swift; sourceTree = "<group>"; };
		B018420C24F61128D8DA486A /* sharedKit.xcframework */ = {isa = PBXFileReference; lastKnownFileType = wrapper.xcframework; name = sharedKit.xcframework; path = ../../shared/build/XCFrameworks/release/sharedKit.xcframework; sourceTree = "<group>"; };
		D60B2D4E3E0A089628704213 /* SettingsViewModel.swift */ = {isa = PBXFileReference; lastKnownFileType = sourcecode.swift; path = SettingsViewModel.swift; sourceTree = "<group>"; };
/* End PBXFileReference section */

/* Begin PBXFileSystemSynchronizedRootGroup section */
		552F79D02F90A2B60045FEE7 /* Repeat */ = {
			isa = PBXFileSystemSynchronizedRootGroup;
			path = Repeat;
			sourceTree = "<group>";
		};
		552F79ED2F914E2D0045FEE7 /* Navigation */ = {
			isa = PBXFileSystemSynchronizedRootGroup;
			path = Navigation;
			sourceTree = "<group>";
		};
		556EC0722F8E267A003493CB /* Search */ = {
			isa = PBXFileSystemSynchronizedRootGroup;
			path = Search;
			sourceTree = "<group>";
		};
		556EC0732F8E273A003493CB /* Home */ = {
			isa = PBXFileSystemSynchronizedRootGroup;
			path = Home;
			sourceTree = "<group>";
		};
		556EC07E2F8E2CD7003493CB /* TaskDetail */ = {
			isa = PBXFileSystemSynchronizedRootGroup;
			path = TaskDetail;
			sourceTree = "<group>";
		};
/* End PBXFileSystemSynchronizedRootGroup section */

/* Begin PBXFrameworksBuildPhase section */
		007C3C8CC466935C385ED3F9 /* Frameworks */ = {
			isa = PBXFrameworksBuildPhase;
			buildActionMask = 2147483647;
			files = (
				6D0A0A16EC7539B0C461AE51 /* sharedKit.xcframework in Frameworks */,
			);
			runOnlyForDeploymentPostprocessing = 0;
		};
/* End PBXFrameworksBuildPhase section */

/* Begin PBXGroup section */
		08D1DD1B4F57C3421FEE1A14 /* Frameworks */ = {
			isa = PBXGroup;
			children = (
				B018420C24F61128D8DA486A /* sharedKit.xcframework */,
			);
			name = Frameworks;
			sourceTree = "<group>";
		};
		0C67D8CE2E8EED4F3A6A322E /* Sources */ = {
			isa = PBXGroup;
			children = (
				552F79ED2F914E2D0045FEE7 /* Navigation */,
				8FA2FB42750F084117950A47 /* ContentView.swift */,
				8933BE6E5C4C2E742C71B36C /* TaskManagementApp.swift */,
				7904BA12C1C6C572342C6E91 /* Features */,
			);
			path = Sources;
			sourceTree = "<group>";
		};
		3688F1B5D34A0037205B847A /* Settings */ = {
			isa = PBXGroup;
			children = (
				E808114DE4B337F44DBF06D1 /* Domain */,
				7F1764DC07A884C84A51E768 /* Presentation */,
			);
			path = Settings;
			sourceTree = "<group>";
		};
		759C6EAC1A3A60A926BA97F3 = {
			isa = PBXGroup;
			children = (
				0C67D8CE2E8EED4F3A6A322E /* Sources */,
				08D1DD1B4F57C3421FEE1A14 /* Frameworks */,
				AD86E67EACF62C16DEE78995 /* Products */,
			);
			sourceTree = "<group>";
		};
		7904BA12C1C6C572342C6E91 /* Features */ = {
			isa = PBXGroup;
			children = (
				552F79D02F90A2B60045FEE7 /* Repeat */,
				556EC07E2F8E2CD7003493CB /* TaskDetail */,
				556EC0732F8E273A003493CB /* Home */,
				556EC0722F8E267A003493CB /* Search */,
				3688F1B5D34A0037205B847A /* Settings */,
			);
			path = Features;
			sourceTree = "<group>";
		};
		7F1764DC07A884C84A51E768 /* Presentation */ = {
			isa = PBXGroup;
			children = (
				087C436CE59FEB9606521C12 /* SettingsState.swift */,
				D60B2D4E3E0A089628704213 /* SettingsViewModel.swift */,
				D86D94772E20C703861BC2C3 /* Components */,
				8F2AEA070AEC562031761B85 /* Views */,
			);
			path = Presentation;
			sourceTree = "<group>";
		};
		8F2AEA070AEC562031761B85 /* Views */ = {
			isa = PBXGroup;
			children = (
				556EC0702F8E0FE8003493CB /* FontStyleScreen.swift */,
				556EC06E2F8E0CA9003493CB /* ThemeScreen.swift */,
				556EC06C2F8E07D8003493CB /* LanguageScreen.swift */,
				25FBCD730CF86B59875EB8BD /* SettingsScreen.swift */,
			);
			path = Views;
			sourceTree = "<group>";
		};
		AD86E67EACF62C16DEE78995 /* Products */ = {
			isa = PBXGroup;
			children = (
				3C6364ABA26C0CCEB207DFCD /* TaskManagement.app */,
			);
			name = Products;
			sourceTree = "<group>";
		};
		D86D94772E20C703861BC2C3 /* Components */ = {
			isa = PBXGroup;
			children = (
				4CE5D18E9739675EB43C4D9B /* AvatarView.swift */,
				8ED67BEA40273D1232AADCF1 /* SettingsItemRow.swift */,
			);
			path = Components;
			sourceTree = "<group>";
		};
		E808114DE4B337F44DBF06D1 /* Domain */ = {
			isa = PBXGroup;
			children = (
				319AA89ABA936031E323FB36 /* SettingsModels.swift */,
			);
			path = Domain;
			sourceTree = "<group>";
		};
/* End PBXGroup section */

/* Begin PBXNativeTarget section */
		67ED81A0BC546BE00C9E7252 /* TaskManagement */ = {
			isa = PBXNativeTarget;
			buildConfigurationList = 55EF46551F87181B5CD19423 /* Build configuration list for PBXNativeTarget "TaskManagement" */;
			buildPhases = (
				30764092C573EAE82CAE0997 /* Sources */,
				007C3C8CC466935C385ED3F9 /* Frameworks */,
				357769D3B65A05CB573D4547 /* Embed Frameworks */,
			);
			buildRules = (
			);
			dependencies = (
			);
			fileSystemSynchronizedGroups = (
				552F79D02F90A2B60045FEE7 /* Repeat */,
				552F79ED2F914E2D0045FEE7 /* Navigation */,
				556EC0722F8E267A003493CB /* Search */,
				556EC0732F8E273A003493CB /* Home */,
				556EC07E2F8E2CD7003493CB /* TaskDetail */,
			);
			name = TaskManagement;
			packageProductDependencies = (
			);
			productName = TaskManagement;
			productReference = 3C6364ABA26C0CCEB207DFCD /* TaskManagement.app */;
			productType = "com.apple.product-type.application";
		};
/* End PBXNativeTarget section */

/* Begin PBXProject section */
		BBEBF27FA1CB1B900C5948BA /* Project object */ = {
			isa = PBXProject;
			attributes = {
				BuildIndependentTargetsInParallel = YES;
				LastUpgradeCheck = 1430;
			};
			buildConfigurationList = 902C3E93C0C015B91F02FA54 /* Build configuration list for PBXProject "TaskManagement" */;
			developmentRegion = en;
			hasScannedForEncodings = 0;
			knownRegions = (
				Base,
				en,
			);
			mainGroup = 759C6EAC1A3A60A926BA97F3;
			minimizedProjectReferenceProxies = 1;
			preferredProjectObjectVersion = 77;
			productRefGroup = AD86E67EACF62C16DEE78995 /* Products */;
			projectDirPath = "";
			projectRoot = "";
			targets = (
				67ED81A0BC546BE00C9E7252 /* TaskManagement */,
			);
		};
/* End PBXProject section */

/* Begin PBXSourcesBuildPhase section */
		30764092C573EAE82CAE0997 /* Sources */ = {
			isa = PBXSourcesBuildPhase;
			buildActionMask = 2147483647;
			files = (
				8F45349B7AFD411A634FE94D /* AvatarView.swift in Sources */,
				556EC0712F8E0FF3003493CB /* FontStyleScreen.swift in Sources */,
				0F01A01BC24A6145250F51B6 /* ContentView.swift in Sources */,
				5B880D8744B29A9C5D9A5AF3 /* SettingsItemRow.swift in Sources */,
				556EC06F2F8E0CAD003493CB /* ThemeScreen.swift in Sources */,
				899E0557AF85326F1E3F07B4 /* SettingsModels.swift in Sources */,
				556EC06D2F8E07E1003493CB /* LanguageScreen.swift in Sources */,
				27C9AA2C900AA917447ED026 /* SettingsScreen.swift in Sources */,
				C6988999B8009555BF7DAC20 /* SettingsState.swift in Sources */,
				EB1505A19DF1FAA766F3AD2C /* SettingsViewModel.swift in Sources */,
				986DE36224F2F5DD62E044F6 /* TaskManagementApp.swift in Sources */,
			);
			runOnlyForDeploymentPostprocessing = 0;
		};
/* End PBXSourcesBuildPhase section */

/* Begin XCBuildConfiguration section */
		3E842715D9EC422092DD136C /* Release */ = {
			isa = XCBuildConfiguration;
			buildSettings = {
				ALWAYS_SEARCH_USER_PATHS = NO;
				CLANG_ANALYZER_NONNULL = YES;
				CLANG_ANALYZER_NUMBER_OBJECT_CONVERSION = YES_AGGRESSIVE;
				CLANG_CXX_LANGUAGE_STANDARD = "gnu++14";
				CLANG_CXX_LIBRARY = "libc++";
				CLANG_ENABLE_MODULES = YES;
				CLANG_ENABLE_OBJC_ARC = YES;
				CLANG_ENABLE_OBJC_WEAK = YES;
				CLANG_WARN_BLOCK_CAPTURE_AUTORELEASING = YES;
				CLANG_WARN_BOOL_CONVERSION = YES;
				CLANG_WARN_COMMA = YES;
				CLANG_WARN_CONSTANT_CONVERSION = YES;
				CLANG_WARN_DEPRECATED_OBJC_IMPLEMENTATIONS = YES;
				CLANG_WARN_DIRECT_OBJC_ISA_USAGE = YES_ERROR;
				CLANG_WARN_DOCUMENTATION_COMMENTS = YES;
				CLANG_WARN_EMPTY_BODY = YES;
				CLANG_WARN_ENUM_CONVERSION = YES;
				CLANG_WARN_INFINITE_RECURSION = YES;
				CLANG_WARN_INT_CONVERSION = YES;
				CLANG_WARN_NON_LITERAL_NULL_CONVERSION = YES;
				CLANG_WARN_OBJC_IMPLICIT_RETAIN_SELF = YES;
				CLANG_WARN_OBJC_LITERAL_CONVERSION = YES;
				CLANG_WARN_OBJC_ROOT_CLASS = YES_ERROR;
				CLANG_WARN_QUOTED_INCLUDE_IN_FRAMEWORK_HEADER = YES;
				CLANG_WARN_RANGE_LOOP_ANALYSIS = YES;
				CLANG_WARN_STRICT_PROTOTYPES = YES;
				CLANG_WARN_SUSPICIOUS_MOVE = YES;
				CLANG_WARN_UNGUARDED_AVAILABILITY = YES_AGGRESSIVE;
				CLANG_WARN_UNREACHABLE_CODE = YES;
				CLANG_WARN__DUPLICATE_METHOD_MATCH = YES;
				COPY_PHASE_STRIP = NO;
				DEBUG_INFORMATION_FORMAT = "dwarf-with-dsym";
				ENABLE_NS_ASSERTIONS = NO;
				ENABLE_STRICT_OBJC_MSGSEND = YES;
				GCC_C_LANGUAGE_STANDARD = gnu11;
				GCC_NO_COMMON_BLOCKS = YES;
				GCC_WARN_64_TO_32_BIT_CONVERSION = YES;
				GCC_WARN_ABOUT_RETURN_TYPE = YES_ERROR;
				GCC_WARN_UNDECLARED_SELECTOR = YES;
				GCC_WARN_UNINITIALIZED_AUTOS = YES_AGGRESSIVE;
				GCC_WARN_UNUSED_FUNCTION = YES;
				GCC_WARN_UNUSED_VARIABLE = YES;
				MTL_ENABLE_DEBUG_INFO = NO;
				MTL_FAST_MATH = YES;
				PRODUCT_NAME = "$(TARGET_NAME)";
				SDKROOT = iphoneos;
				SWIFT_COMPILATION_MODE = wholemodule;
				SWIFT_OPTIMIZATION_LEVEL = "-O";
				SWIFT_VERSION = 5.0;
			};
			name = Release;
		};
		490CC80D8DD79E0B7A70457D /* Debug */ = {
			isa = XCBuildConfiguration;
			buildSettings = {
				ALWAYS_SEARCH_USER_PATHS = NO;
				CLANG_ANALYZER_NONNULL = YES;
				CLANG_ANALYZER_NUMBER_OBJECT_CONVERSION = YES_AGGRESSIVE;
				CLANG_CXX_LANGUAGE_STANDARD = "gnu++14";
				CLANG_CXX_LIBRARY = "libc++";
				CLANG_ENABLE_MODULES = YES;
				CLANG_ENABLE_OBJC_ARC = YES;
				CLANG_ENABLE_OBJC_WEAK = YES;
				CLANG_WARN_BLOCK_CAPTURE_AUTORELEASING = YES;
				CLANG_WARN_BOOL_CONVERSION = YES;
				CLANG_WARN_COMMA = YES;
				CLANG_WARN_CONSTANT_CONVERSION = YES;
				CLANG_WARN_DEPRECATED_OBJC_IMPLEMENTATIONS = YES;
				CLANG_WARN_DIRECT_OBJC_ISA_USAGE = YES_ERROR;
				CLANG_WARN_DOCUMENTATION_COMMENTS = YES;
				CLANG_WARN_EMPTY_BODY = YES;
				CLANG_WARN_ENUM_CONVERSION = YES;
				CLANG_WARN_INFINITE_RECURSION = YES;
				CLANG_WARN_INT_CONVERSION = YES;
				CLANG_WARN_NON_LITERAL_NULL_CONVERSION = YES;
				CLANG_WARN_OBJC_IMPLICIT_RETAIN_SELF = YES;
				CLANG_WARN_OBJC_LITERAL_CONVERSION = YES;
				CLANG_WARN_OBJC_ROOT_CLASS = YES_ERROR;
				CLANG_WARN_QUOTED_INCLUDE_IN_FRAMEWORK_HEADER = YES;
				CLANG_WARN_RANGE_LOOP_ANALYSIS = YES;
				CLANG_WARN_STRICT_PROTOTYPES = YES;
				CLANG_WARN_SUSPICIOUS_MOVE = YES;
				CLANG_WARN_UNGUARDED_AVAILABILITY = YES_AGGRESSIVE;
				CLANG_WARN_UNREACHABLE_CODE = YES;
				CLANG_WARN__DUPLICATE_METHOD_MATCH = YES;
				COPY_PHASE_STRIP = NO;
				DEBUG_INFORMATION_FORMAT = dwarf;
				ENABLE_STRICT_OBJC_MSGSEND = YES;
				ENABLE_TESTABILITY = YES;
				GCC_C_LANGUAGE_STANDARD = gnu11;
				GCC_DYNAMIC_NO_PIC = NO;
				GCC_NO_COMMON_BLOCKS = YES;
				GCC_OPTIMIZATION_LEVEL = 0;
				GCC_PREPROCESSOR_DEFINITIONS = (
					"$(inherited)",
					"DEBUG=1",
				);
				GCC_WARN_64_TO_32_BIT_CONVERSION = YES;
				GCC_WARN_ABOUT_RETURN_TYPE = YES_ERROR;
				GCC_WARN_UNDECLARED_SELECTOR = YES;
				GCC_WARN_UNINITIALIZED_AUTOS = YES_AGGRESSIVE;
				GCC_WARN_UNUSED_FUNCTION = YES;
				GCC_WARN_UNUSED_VARIABLE = YES;
				MTL_ENABLE_DEBUG_INFO = INCLUDE_SOURCE;
				MTL_FAST_MATH = YES;
				ONLY_ACTIVE_ARCH = YES;
				PRODUCT_NAME = "$(TARGET_NAME)";
				SDKROOT = iphoneos;
				SWIFT_ACTIVE_COMPILATION_CONDITIONS = DEBUG;
				SWIFT_OPTIMIZATION_LEVEL = "-Onone";
				SWIFT_VERSION = 5.0;
			};
			name = Debug;
		};
		6EFC69ABF0EE554254B7BD36 /* Debug */ = {
			isa = XCBuildConfiguration;
			buildSettings = {
				ASSETCATALOG_COMPILER_APPICON_NAME = AppIcon;
				CODE_SIGN_IDENTITY = "iPhone Developer";
				DEVELOPMENT_TEAM = 8835LH3322;
				FRAMEWORK_SEARCH_PATHS = (
					"$(inherited)",
					"\"../../shared/build/XCFrameworks/release\"",
				);
				GENERATE_INFOPLIST_FILE = YES;
				INFOPLIST_KEY_UILaunchScreen_Generation = YES;
				IPHONEOS_DEPLOYMENT_TARGET = 18.6;
				LD_RUNPATH_SEARCH_PATHS = (
					"$(inherited)",
					"@executable_path/Frameworks",
				);
				PRODUCT_BUNDLE_IDENTIFIER = com.nguyenminhkhang.taskmanagement;
				SDKROOT = iphoneos;
				TARGETED_DEVICE_FAMILY = "1,2";
			};
			name = Debug;
		};
		ECE802C51E07D6FC69476A0A /* Release */ = {
			isa = XCBuildConfiguration;
			buildSettings = {
				ASSETCATALOG_COMPILER_APPICON_NAME = AppIcon;
				CODE_SIGN_IDENTITY = "iPhone Developer";
				DEVELOPMENT_TEAM = 8835LH3322;
				FRAMEWORK_SEARCH_PATHS = (
					"$(inherited)",
					"\"../../shared/build/XCFrameworks/release\"",
				);
				GENERATE_INFOPLIST_FILE = YES;
				INFOPLIST_KEY_UILaunchScreen_Generation = YES;
				IPHONEOS_DEPLOYMENT_TARGET = 18.6;
				LD_RUNPATH_SEARCH_PATHS = (
					"$(inherited)",
					"@executable_path/Frameworks",
				);
				PRODUCT_BUNDLE_IDENTIFIER = com.nguyenminhkhang.taskmanagement;
				SDKROOT = iphoneos;
				TARGETED_DEVICE_FAMILY = "1,2";
			};
			name = Release;
		};
/* End XCBuildConfiguration section */

/* Begin XCConfigurationList section */
		55EF46551F87181B5CD19423 /* Build configuration list for PBXNativeTarget "TaskManagement" */ = {
			isa = XCConfigurationList;
			buildConfigurations = (
				6EFC69ABF0EE554254B7BD36 /* Debug */,
				ECE802C51E07D6FC69476A0A /* Release */,
			);
			defaultConfigurationIsVisible = 0;
			defaultConfigurationName = Debug;
		};
		902C3E93C0C015B91F02FA54 /* Build configuration list for PBXProject "TaskManagement" */ = {
			isa = XCConfigurationList;
			buildConfigurations = (
				490CC80D8DD79E0B7A70457D /* Debug */,
				3E842715D9EC422092DD136C /* Release */,
			);
			defaultConfigurationIsVisible = 0;
			defaultConfigurationName = Debug;
		};
/* End XCConfigurationList section */
	};
	rootObject = BBEBF27FA1CB1B900C5948BA /* Project object */;
}
